
Microsoft Visual Studio Solution File, Format Version 12.00
# Visual Studio Version 17
VisualStudioVersion = 17.14.36414.22 d17.14
MinimumVisualStudioVersion = 10.0.40219.1
Project("{FAE04EC0-301F-11D3-BF4B-00C04F79EFBC}") = "WebAPIGereciamentoDeLivroAutor", "WebAPIGereciamentoDeLivroAutor\WebAPIGereciamentoDeLivroAutor.csproj", "{C1FEFCC3-CBBE-456C-A476-7BB657648873}"
EndProject
Global
	GlobalSection(SolutionConfigurationPlatforms) = preSolution
		Debug|Any CPU = Debug|Any CPU
		Release|Any CPU = Release|Any CPU
	EndGlobalSection
	GlobalSection(ProjectConfigurationPlatforms) = postSolution
		{C1FEFCC3-CBBE-456C-A476-7BB657648873}.Debug|Any CPU.ActiveCfg = Debug|Any CPU
		{C1FEFCC3-CBBE-456C-A476-7BB657648873}.Debug|Any CPU.Build.0 = Debug|Any CPU
		{C1FEFCC3-CBBE-456C-A476-7BB657648873}.Release|Any CPU.ActiveCfg = Release|Any CPU
		{C1FEFCC3-CBBE-456C-A476-7BB657648873}.Release|Any CPU.Build.0 = Release|Any CPU
	EndGlobalSection
	GlobalSection(SolutionProperties) = preSolution
		HideSolutionNode = FALSE
	EndGlobalSection
	GlobalSection(ExtensibilityGlobals) = postSolution
		SolutionGuid = {C99A41E1-636B-4ACC-8B43-84663DF7ADAE}
	EndGlobalSection
EndGlobal
